// !$*UTF8*$!
{
	archiveVersion = 1;
	classes = {
	};
	objectVersion = 46;
	objects = {

/* Begin PBXBuildFile section */
		2B17050F200FF8E600ADB299 /* AppDelegate.swift in Sources */ = {isa = PBXBuildFile; fileRef = 2B17050E200FF8E600ADB299 /* AppDelegate.swift */; };
		2B170511200FF8E600ADB299 /* ViewController.swift in Sources */ = {isa = PBXBuildFile; fileRef = 2B170510200FF8E600ADB299 /* ViewController.swift */; };
		2B170514200FF8E700ADB299 /* Main.storyboard in Resources */ = {isa = PBXBuildFile; fileRef = 2B170512200FF8E700ADB299 /* Main.storyboard */; };
		2B170517200FF8E700ADB299 /* hyperDesignTask.xcdatamodeld in Sources */ = {isa = PBXBuildFile; fileRef = 2B170515200FF8E700ADB299 /* hyperDesignTask.xcdatamodeld */; };
		2B170519200FF8E700ADB299 /* Assets.xcassets in Resources */ = {isa = PBXBuildFile; fileRef = 2B170518200FF8E700ADB299 /* Assets.xcassets */; };
		2B17051C200FF8E800ADB299 /* LaunchScreen.storyboard in Resources */ = {isa = PBXBuildFile; fileRef = 2B17051A200FF8E800ADB299 /* LaunchScreen.storyboard */; };
/* End PBXBuildFile section */

/* Begin PBXFileReference section */
		2B17050B200FF8E500ADB299 /* hyperDesignTask.app */ = {isa = PBXFileReference; explicitFileType = wrapper.application; includeInIndex = 0; path = hyperDesignTask.app; sourceTree = BUILT_PRODUCTS_DIR; };
		2B17050E200FF8E600ADB299 /* AppDelegate.swift */ = {isa = PBXFileReference; lastKnownFileType = sourcecode.swift; path = AppDelegate.swift; sourceTree = "<group>"; };
		2B170510200FF8E600ADB299 /* ViewController.swift */ = {isa = PBXFileReference; lastKnownFileType = sourcecode.swift; path = ViewController.swift; sourceTree = "<group>"; };
		2B170513200FF8E700ADB299 /* Base */ = {isa = PBXFileReference; lastKnownFileType = file.storyboard; name = Base; path = Base.lproj/Main.storyboard; sourceTree = "<group>"; };
		2B170516200FF8E700ADB299 /* hyperDesignTask.xcdatamodel */ = {isa = PBXFileReference; lastKnownFileType = wrapper.xcdatamodel; path = hyperDesignTask.xcdatamodel; sourceTree = "<group>"; };
		2B170518200FF8E700ADB299 /* Assets.xcassets */ = {isa = PBXFileReference; lastKnownFileType = folder.assetcatalog; path = Assets.xcassets; sourceTree = "<group>"; };
		2B17051B200FF8E800ADB299 /* Base */ = {isa = PBXFileReference; lastKnownFileType = file.storyboard; name = Base; path = Base.lproj/LaunchScreen.storyboard; sourceTree = "<group>"; };
		2B17051D200FF8E800ADB299 /* Info.plist */ = {isa = PBXFileReference; lastKnownFileType = text.plist.xml; path = Info.plist; sourceTree = "<group>"; };
/* End PBXFileReference section */

/* Begin PBXFrameworksBuildPhase section */
		2B170508200FF8E400ADB299 /* Frameworks */ = {
			isa = PBXFrameworksBuildPhase;
			buildActionMask = 2147483647;
			files = (
			);
			runOnlyForDeploymentPostprocessing = 0;
		};
/* End PBXFrameworksBuildPhase section */

/* Begin PBXGroup section */
		2B170502200FF8E200ADB299 = {
			isa = PBXGroup;
			children = (
				2B17050D200FF8E500ADB299 /* hyperDesignTask */,
				2B17050C200FF8E500ADB299 /* Products */,
			);
			sourceTree = "<group>";
		};
		2B17050C200FF8E500ADB299 /* Products */ = {
			isa = PBXGroup;
			children = (
				2B17050B200FF8E500ADB299 /* hyperDesignTask.app */,
			);
			name = Products;
			sourceTree = "<group>";
		};
		2B17050D200FF8E500ADB299 /* hyperDesignTask */ = {
			isa = PBXGroup;
			children = (
				2B17050E200FF8E600ADB299 /* AppDelegate.swift */,
				2B170510200FF8E600ADB299 /* ViewController.swift */,
				2B170512200FF8E700ADB299 /* Main.storyboard */,
				2B170518200FF8E700ADB299 /* Assets.xcassets */,
				2B17051A200FF8E800ADB299 /* LaunchScreen.storyboard */,
				2B17051D200FF8E800ADB299 /* Info.plist */,
				2B170515200FF8E700ADB299 /* hyperDesignTask.xcdatamodeld */,
			);
			path = hyperDesignTask;
			sourceTree = "<group>";
		};
/* End PBXGroup section */

/* Begin PBXNativeTarget section */
		2B17050A200FF8E400ADB299 /* hyperDesignTask */ = {
			isa = PBXNativeTarget;
			buildConfigurationList = 2B170520200FF8E800ADB299 /* Build configuration list for PBXNativeTarget "hyperDesignTask" */;
			buildPhases = (
				2B170507200FF8E400ADB299 /* Sources */,
				2B170508200FF8E400ADB299 /* Frameworks */,
				2B170509200FF8E400ADB299 /* Resources */,
			);
			buildRules = (
			);
			dependencies = (
			);
			name = hyperDesignTask;
			productName = hyperDesignTask;
			productReference = 2B17050B200FF8E500ADB299 /* hyperDesignTask.app */;
			productType = "com.apple.product-type.application";
		};
/* End PBXNativeTarget section */

/* Begin PBXProject section */
		2B170503200FF8E300ADB299 /* Project object */ = {
			isa = PBXProject;
			attributes = {
				LastSwiftUpdateCheck = 0830;
				LastUpgradeCheck = 0830;
				ORGANIZATIONNAME = Doaa;
				TargetAttributes = {
					2B17050A200FF8E400ADB299 = {
						CreatedOnToolsVersion = 8.3.3;
						ProvisioningStyle = Automatic;
					};
				};
			};
			buildConfigurationList = 2B170506200FF8E400ADB299 /* Build configuration list for PBXProject "hyperDesignTask" */;
			compatibilityVersion = "Xcode 3.2";
			developmentRegion = English;
			hasScannedForEncodings = 0;
			knownRegions = (
				en,
				Base,
			);
			mainGroup = 2B170502200FF8E200ADB299;
			productRefGroup = 2B17050C200FF8E500ADB299 /* Products */;
			projectDirPath = "";
			projectRoot = "";
			targets = (
				2B17050A200FF8E400ADB299 /* hyperDesignTask */,
			);
		};
/* End PBXProject section */

/* Begin PBXResourcesBuildPhase section */
		2B170509200FF8E400ADB299 /* Resources */ = {
			isa = PBXResourcesBuildPhase;
			buildActionMask = 2147483647;
			files = (
				2B17051C200FF8E800ADB299 /* LaunchScreen.storyboard in Resources */,
				2B170519200FF8E700ADB299 /* Assets.xcassets in Resources */,
				2B170514200FF8E700ADB299 /* Main.storyboard in Resources */,
			);
			runOnlyForDeploymentPostprocessing = 0;
		};
/* End PBXResourcesBuildPhase section */

/* Begin PBXSourcesBuildPhase section */
		2B170507200FF8E400ADB299 /* Sources */ = {
			isa = PBXSourcesBuildPhase;
			buildActionMask = 2147483647;
			files = (
				2B170511200FF8E600ADB299 /* ViewController.swift in Sources */,
				2B17050F200FF8E600ADB299 /* AppDelegate.swift in Sources */,
				2B170517200FF8E700ADB299 /* hyperDesignTask.xcdatamodeld in Sources */,
			);
			runOnlyForDeploymentPostprocessing = 0;
		};
/* End PBXSourcesBuildPhase section */

/* Begin PBXVariantGroup section */
		2B170512200FF8E700ADB299 /* Main.storyboard */ = {
			isa = PBXVariantGroup;
			children = (
				2B170513200FF8E700ADB299 /* Base */,
			);
			name = Main.storyboard;
			sourceTree = "<group>";
		};
		2B17051A200FF8E800ADB299 /* LaunchScreen.storyboard */ = {
			isa = PBXVariantGroup;
			children = (
				2B17051B200FF8E800ADB299 /* Base */,
			);
			name = LaunchScreen.storyboard;
			sourceTree = "<group>";
		};
/* End PBXVariantGroup section */

/* Begin XCBuildConfiguration section */
		2B17051E200FF8E800ADB299 /* Debug */ = {
			isa = XCBuildConfiguration;
			buildSettings = {
				ALWAYS_SEARCH_USER_PATHS = NO;
				CLANG_ANALYZER_NONNULL = YES;
				CLANG_ANALYZER_NUMBER_OBJECT_CONVERSION = YES_AGGRESSIVE;
				CLANG_CXX_LANGUAGE_STANDARD = "gnu++0x";
				CLANG_CXX_LIBRARY = "libc++";
				CLANG_ENABLE_MODULES = YES;
				CLANG_ENABLE_OBJC_ARC = YES;
				CLANG_WARN_BOOL_CONVERSION = YES;
				CLANG_WARN_CONSTANT_CONVERSION = YES;
				CLANG_WARN_DIRECT_OBJC_ISA_USAGE = YES_ERROR;
				CLANG_WARN_DOCUMENTATION_COMMENTS = YES;
				CLANG_WARN_EMPTY_BODY = YES;
				CLANG_WARN_ENUM_CONVERSION = YES;
				CLANG_WARN_INFINITE_RECURSION = YES;
				CLANG_WARN_INT_CONVERSION = YES;
				CLANG_WARN_OBJC_ROOT_CLASS = YES_ERROR;
				CLANG_WARN_SUSPICIOUS_MOVE = YES;
				CLANG_WARN_UNREACHABLE_CODE = YES;
				CLANG_WARN__DUPLICATE_METHOD_MATCH = YES;
				"CODE_SIGN_IDENTITY[sdk=iphoneos*]" = "iPhone Developer";
				COPY_PHASE_STRIP = NO;
				DEBUG_INFORMATION_FORMAT = dwarf;
				ENABLE_STRICT_OBJC_MSGSEND = YES;
				ENABLE_TESTABILITY = YES;
				GCC_C_LANGUAGE_STANDARD = gnu99;
				GCC_DYNAMIC_NO_PIC = NO;
				GCC_NO_COMMON_BLOCKS = YES;
				GCC_OPTIMIZATION_LEVEL = 0;
				GCC_PREPROCESSOR_DEFINITIONS = (
					"DEBUG=1",
					"$(inherited)",
				);
				GCC_WARN_64_TO_32_BIT_CONVERSION = YES;
				GCC_WARN_ABOUT_RETURN_TYPE = YES_ERROR;
				GCC_WARN_UNDECLARED_SELECTOR = YES;
				GCC_WARN_UNINITIALIZED_AUTOS = YES_AGGRESSIVE;
				GCC_WARN_UNUSED_FUNCTION = YES;
				GCC_WARN_UNUSED_VARIABLE = YES;
				IPHONEOS_DEPLOYMENT_TARGET = 10.3;
				MTL_ENABLE_DEBUG_INFO = YES;
				ONLY_ACTIVE_ARCH = YES;
				SDKROOT = iphoneos;
				SWIFT_ACTIVE_COMPILATION_CONDITIONS = DEBUG;
				SWIFT_OPTIMIZATION_LEVEL = "-Onone";
				TARGETED_DEVICE_FAMILY = "1,2";
			};
			name = Debug;
		};
		2B17051F200FF8E800ADB299 /* Release */ = {
			isa = XCBuildConfiguration;
			buildSettings = {
				ALWAYS_SEARCH_USER_PATHS = NO;
				CLANG_ANALYZER_NONNULL = YES;
				CLANG_ANALYZER_NUMBER_OBJECT_CONVERSION = YES_AGGRESSIVE;
				CLANG_CXX_LANGUAGE_STANDARD = "gnu++0x";
				CLANG_CXX_LIBRARY = "libc++";
				CLANG_ENABLE_MODULES = YES;
				CLANG_ENABLE_OBJC_ARC = YES;
				CLANG_WARN_BOOL_CONVERSION = YES;
				CLANG_WARN_CONSTANT_CONVERSION = YES;
				CLANG_WARN_DIRECT_OBJC_ISA_USAGE = YES_ERROR;
				CLANG_WARN_DOCUMENTATION_COMMENTS = YES;
				CLANG_WARN_EMPTY_BODY = YES;
				CLANG_WARN_ENUM_CONVERSION = YES;
				CLANG_WARN_INFINITE_RECURSION = YES;
				CLANG_WARN_INT_CONVERSION = YES;
				CLANG_WARN_OBJC_ROOT_CLASS = YES_ERROR;
				CLANG_WARN_SUSPICIOUS_MOVE = YES;
				CLANG_WARN_UNREACHABLE_CODE = YES;
				CLANG_WARN__DUPLICATE_METHOD_MATCH = YES;
				"CODE_SIGN_IDENTITY[sdk=iphoneos*]" = "iPhone Developer";
				COPY_PHASE_STRIP = NO;
				DEBUG_INFORMATION_FORMAT = "dwarf-with-dsym";
				ENABLE_NS_ASSERTIONS = NO;
				ENABLE_STRICT_OBJC_MSGSEND = YES;
				GCC_C_LANGUAGE_STANDARD = gnu99;
				GCC_NO_COMMON_BLOCKS = YES;
				GCC_WARN_64_TO_32_BIT_CONVERSION = YES;
				GCC_WARN_ABOUT_RETURN_TYPE = YES_ERROR;
				GCC_WARN_UNDECLARED_SELECTOR = YES;
				GCC_WARN_UNINITIALIZED_AUTOS = YES_AGGRESSIVE;
				GCC_WARN_UNUSED_FUNCTION = YES;
				GCC_WARN_UNUSED_VARIABLE = YES;
				IPHONEOS_DEPLOYMENT_TARGET = 10.3;
				MTL_ENABLE_DEBUG_INFO = NO;
				SDKROOT = iphoneos;
				SWIFT_OPTIMIZATION_LEVEL = "-Owholemodule";
				TARGETED_DEVICE_FAMILY = "1,2";
				VALIDATE_PRODUCT = YES;
			};
			name = Release;
		};
		2B170521200FF8E800ADB299 /* Debug */ = {
			isa = XCBuildConfiguration;
			buildSettings = {
				ASSETCATALOG_COMPILER_APPICON_NAME = AppIcon;
				INFOPLIST_FILE = hyperDesignTask/Info.plist;
				LD_RUNPATH_SEARCH_PATHS = "$(inherited) @executable_path/Frameworks";
				PRODUCT_BUNDLE_IDENTIFIER = com.doaa.hyperDesignTask;
				PRODUCT_NAME = "$(TARGET_NAME)";
				SWIFT_VERSION = 3.0;
			};
			name = Debug;
		};
		2B170522200FF8E800ADB299 /* Release */ = {
			isa = XCBuildConfiguration;
			buildSettings = {
				ASSETCATALOG_COMPILER_APPICON_NAME = AppIcon;
				INFOPLIST_FILE = hyperDesignTask/Info.plist;
				LD_RUNPATH_SEARCH_PATHS = "$(inherited) @executable_path/Frameworks";
				PRODUCT_BUNDLE_IDENTIFIER = com.doaa.hyperDesignTask;
				PRODUCT_NAME = "$(TARGET_NAME)";
				SWIFT_VERSION = 3.0;
			};
			name = Release;
		};
/* End XCBuildConfiguration section */

/* Begin XCConfigurationList section */
		2B170506200FF8E400ADB299 /* Build configuration list for PBXProject "hyperDesignTask" */ = {
			isa = XCConfigurationList;
			buildConfigurations = (
				2B17051E200FF8E800ADB299 /* Debug */,
				2B17051F200FF8E800ADB299 /* Release */,
			);
			defaultConfigurationIsVisible = 0;
			defaultConfigurationName = Release;
		};
		2B170520200FF8E800ADB299 /* Build configuration list for PBXNativeTarget "hyperDesignTask" */ = {
			isa = XCConfigurationList;
			buildConfigurations = (
				2B170521200FF8E800ADB299 /* Debug */,
				2B170522200FF8E800ADB299 /* Release */,
			);
			defaultConfigurationIsVisible = 0;
		};
/* End XCConfigurationList section */

/* Begin XCVersionGroup section */
		2B170515200FF8E700ADB299 /* hyperDesignTask.xcdatamodeld */ = {
			isa = XCVersionGroup;
			children = (
				2B170516200FF8E700ADB299 /* hyperDesignTask.xcdatamodel */,
			);
			currentVersion = 2B170516200FF8E700ADB299 /* hyperDesignTask.xcdatamodel */;
			path = hyperDesignTask.xcdatamodeld;
			sourceTree = "<group>";
			versionGroupType = wrapper.xcdatamodel;
		};
/* End XCVersionGroup section */
	};
	rootObject = 2B170503200FF8E300ADB299 /* Project object */;
}
